// !$*UTF8*$!
{
	archiveVersion = 1;
	classes = {
	};
	objectVersion = 46;
	objects = {

/* Begin PBXBuildFile section */
		3AF0F1341B3AF61E0015ED75 /* AppDelegate.swift in Sources */ = {isa = PBXBuildFile; fileRef = 3AF0F1331B3AF61E0015ED75 /* AppDelegate.swift */; };
		3AF0F1361B3AF61E0015ED75 /* ViewController.swift in Sources */ = {isa = PBXBuildFile; fileRef = 3AF0F1351B3AF61E0015ED75 /* ViewController.swift */; };
		3AF0F1391B3AF61E0015ED75 /* Main.storyboard in Resources */ = {isa = PBXBuildFile; fileRef = 3AF0F1371B3AF61E0015ED75 /* Main.storyboard */; };
		3AF0F13B1B3AF61E0015ED75 /* Images.xcassets in Resources */ = {isa = PBXBuildFile; fileRef = 3AF0F13A1B3AF61E0015ED75 /* Images.xcassets */; };
		3AF0F13E1B3AF61E0015ED75 /* LaunchScreen.xib in Resources */ = {isa = PBXBuildFile; fileRef = 3AF0F13C1B3AF61E0015ED75 /* LaunchScreen.xib */; };
		3AF0F14A1B3AF61E0015ED75 /* XSurfingTests.swift in Sources */ = {isa = PBXBuildFile; fileRef = 3AF0F1491B3AF61E0015ED75 /* XSurfingTests.swift */; };
		3AF0F15A1B3C6ABC0015ED75 /* WebViewController.swift in Sources */ = {isa = PBXBuildFile; fileRef = 3AF0F1591B3C6ABC0015ED75 /* WebViewController.swift */; };
/* End PBXBuildFile section */

/* Begin PBXContainerItemProxy section */
		3AF0F1441B3AF61E0015ED75 /* PBXContainerItemProxy */ = {
			isa = PBXContainerItemProxy;
			containerPortal = 3AF0F1261B3AF61E0015ED75 /* Project object */;
			proxyType = 1;
			remoteGlobalIDString = 3AF0F12D1B3AF61E0015ED75;
			remoteInfo = XSurfing;
		};
/* End PBXContainerItemProxy section */

/* Begin PBXFileReference section */
		3AF0F12E1B3AF61E0015ED75 /* XSurfing.app */ = {isa = PBXFileReference; explicitFileType = wrapper.application; includeInIndex = 0; path = XSurfing.app; sourceTree = BUILT_PRODUCTS_DIR; };
		3AF0F1321B3AF61E0015ED75 /* Info.plist */ = {isa = PBXFileReference; lastKnownFileType = text.plist.xml; path = Info.plist; sourceTree = "<group>"; };
		3AF0F1331B3AF61E0015ED75 /* AppDelegate.swift */ = {isa = PBXFileReference; lastKnownFileType = sourcecode.swift; path = AppDelegate.swift; sourceTree = "<group>"; };
		3AF0F1351B3AF61E0015ED75 /* ViewController.swift */ = {isa = PBXFileReference; lastKnownFileType = sourcecode.swift; path = ViewController.swift; sourceTree = "<group>"; };
		3AF0F1381B3AF61E0015ED75 /* Base */ = {isa = PBXFileReference; lastKnownFileType = file.storyboard; name = Base; path = Base.lproj/Main.storyboard; sourceTree = "<group>"; };
		3AF0F13A1B3AF61E0015ED75 /* Images.xcassets */ = {isa = PBXFileReference; lastKnownFileType = folder.assetcatalog; path = Images.xcassets; sourceTree = "<group>"; };
		3AF0F13D1B3AF61E0015ED75 /* Base */ = {isa = PBXFileReference; lastKnownFileType = file.xib; name = Base; path = Base.lproj/LaunchScreen.xib; sourceTree = "<group>"; };
		3AF0F1431B3AF61E0015ED75 /* XSurfingTests.xctest */ = {isa = PBXFileReference; explicitFileType = wrapper.cfbundle; includeInIndex = 0; path = XSurfingTests.xctest; sourceTree = BUILT_PRODUCTS_DIR; };
		3AF0F1481B3AF61E0015ED75 /* Info.plist */ = {isa = PBXFileReference; lastKnownFileType = text.plist.xml; path = Info.plist; sourceTree = "<group>"; };
		3AF0F1491B3AF61E0015ED75 /* XSurfingTests.swift */ = {isa = PBXFileReference; lastKnownFileType = sourcecode.swift; path = XSurfingTests.swift; sourceTree = "<group>"; };
		3AF0F1591B3C6ABC0015ED75 /* WebViewController.swift */ = {isa = PBXFileReference; fileEncoding = 4; lastKnownFileType = sourcecode.swift; path = WebViewController.swift; sourceTree = "<group>"; };
/* End PBXFileReference section */

/* Begin PBXFrameworksBuildPhase section */
		3AF0F12B1B3AF61E0015ED75 /* Frameworks */ = {
			isa = PBXFrameworksBuildPhase;
			buildActionMask = 2147483647;
			files = (
			);
			runOnlyForDeploymentPostprocessing = 0;
		};
		3AF0F1401B3AF61E0015ED75 /* Frameworks */ = {
			isa = PBXFrameworksBuildPhase;
			buildActionMask = 2147483647;
			files = (
			);
			runOnlyForDeploymentPostprocessing = 0;
		};
/* End PBXFrameworksBuildPhase section */

/* Begin PBXGroup section */
		3AF0F1251B3AF61E0015ED75 = {
			isa = PBXGroup;
			children = (
				3AF0F1301B3AF61E0015ED75 /* XSurfing */,
				3AF0F1461B3AF61E0015ED75 /* XSurfingTests */,
				3AF0F12F1B3AF61E0015ED75 /* Products */,
			);
			sourceTree = "<group>";
		};
		3AF0F12F1B3AF61E0015ED75 /* Products */ = {
			isa = PBXGroup;
			children = (
				3AF0F12E1B3AF61E0015ED75 /* XSurfing.app */,
				3AF0F1431B3AF61E0015ED75 /* XSurfingTests.xctest */,
			);
			name = Products;
			sourceTree = "<group>";
		};
		3AF0F1301B3AF61E0015ED75 /* XSurfing */ = {
			isa = PBXGroup;
			children = (
				3AF0F1331B3AF61E0015ED75 /* AppDelegate.swift */,
				3AF0F1351B3AF61E0015ED75 /* ViewController.swift */,
				3AF0F1591B3C6ABC0015ED75 /* WebViewController.swift */,
				3AF0F1371B3AF61E0015ED75 /* Main.storyboard */,
				3AF0F13A1B3AF61E0015ED75 /* Images.xcassets */,
				3AF0F13C1B3AF61E0015ED75 /* LaunchScreen.xib */,
				3AF0F1311B3AF61E0015ED75 /* Supporting Files */,
			);
			path = XSurfing;
			sourceTree = "<group>";
		};
		3AF0F1311B3AF61E0015ED75 /* Supporting Files */ = {
			isa = PBXGroup;
			children = (
				3AF0F1321B3AF61E0015ED75 /* Info.plist */,
			);
			name = "Supporting Files";
			sourceTree = "<group>";
		};
		3AF0F1461B3AF61E0015ED75 /* XSurfingTests */ = {
			isa = PBXGroup;
			children = (
				3AF0F1491B3AF61E0015ED75 /* XSurfingTests.swift */,
				3AF0F1471B3AF61E0015ED75 /* Supporting Files */,
			);
			path = XSurfingTests;
			sourceTree = "<group>";
		};
		3AF0F1471B3AF61E0015ED75 /* Supporting Files */ = {
			isa = PBXGroup;
			children = (
				3AF0F1481B3AF61E0015ED75 /* Info.plist */,
			);
			name = "Supporting Files";
			sourceTree = "<group>";
		};
/* End PBXGroup section */

/* Begin PBXNativeTarget section */
		3AF0F12D1B3AF61E0015ED75 /* XSurfing */ = {
			isa = PBXNativeTarget;
			buildConfigurationList = 3AF0F14D1B3AF61E0015ED75 /* Build configuration list for PBXNativeTarget "XSurfing" */;
			buildPhases = (
				3AF0F12A1B3AF61E0015ED75 /* Sources */,
				3AF0F12B1B3AF61E0015ED75 /* Frameworks */,
				3AF0F12C1B3AF61E0015ED75 /* Resources */,
			);
			buildRules = (
			);
			dependencies = (
			);
			name = XSurfing;
			productName = XSurfing;
			productReference = 3AF0F12E1B3AF61E0015ED75 /* XSurfing.app */;
			productType = "com.apple.product-type.application";
		};
		3AF0F1421B3AF61E0015ED75 /* XSurfingTests */ = {
			isa = PBXNativeTarget;
			buildConfigurationList = 3AF0F1501B3AF61E0015ED75 /* Build configuration list for PBXNativeTarget "XSurfingTests" */;
			buildPhases = (
				3AF0F13F1B3AF61E0015ED75 /* Sources */,
				3AF0F1401B3AF61E0015ED75 /* Frameworks */,
				3AF0F1411B3AF61E0015ED75 /* Resources */,
			);
			buildRules = (
			);
			dependencies = (
				3AF0F1451B3AF61E0015ED75 /* PBXTargetDependency */,
			);
			name = XSurfingTests;
			productName = XSurfingTests;
			productReference = 3AF0F1431B3AF61E0015ED75 /* XSurfingTests.xctest */;
			productType = "com.apple.product-type.bundle.unit-test";
		};
/* End PBXNativeTarget section */

/* Begin PBXProject section */
		3AF0F1261B3AF61E0015ED75 /* Project object */ = {
			isa = PBXProject;
			attributes = {
				LastUpgradeCheck = 0630;
				ORGANIZATIONNAME = huixinming;
				TargetAttributes = {
					3AF0F12D1B3AF61E0015ED75 = {
						CreatedOnToolsVersion = 6.3.2;
					};
					3AF0F1421B3AF61E0015ED75 = {
						CreatedOnToolsVersion = 6.3.2;
						TestTargetID = 3AF0F12D1B3AF61E0015ED75;
					};
				};
			};
			buildConfigurationList = 3AF0F1291B3AF61E0015ED75 /* Build configuration list for PBXProject "XSurfing" */;
			compatibilityVersion = "Xcode 3.2";
			developmentRegion = English;
			hasScannedForEncodings = 0;
			knownRegions = (
				en,
				Base,
			);
			mainGroup = 3AF0F1251B3AF61E0015ED75;
			productRefGroup = 3AF0F12F1B3AF61E0015ED75 /* Products */;
			projectDirPath = "";
			projectRoot = "";
			targets = (
				3AF0F12D1B3AF61E0015ED75 /* XSurfing */,
				3AF0F1421B3AF61E0015ED75 /* XSurfingTests */,
			);
		};
/* End PBXProject section */

/* Begin PBXResourcesBuildPhase section */
		3AF0F12C1B3AF61E0015ED75 /* Resources */ = {
			isa = PBXResourcesBuildPhase;
			buildActionMask = 2147483647;
			files = (
				3AF0F1391B3AF61E0015ED75 /* Main.storyboard in Resources */,
				3AF0F13E1B3AF61E0015ED75 /* LaunchScreen.xib in Resources */,
				3AF0F13B1B3AF61E0015ED75 /* Images.xcassets in Resources */,
			);
			runOnlyForDeploymentPostprocessing = 0;
		};
		3AF0F1411B3AF61E0015ED75 /* Resources */ = {
			isa = PBXResourcesBuildPhase;
			buildActionMask = 2147483647;
			files = (
			);
			runOnlyForDeploymentPostprocessing = 0;
		};
/* End PBXResourcesBuildPhase section */

/* Begin PBXSourcesBuildPhase section */
		3AF0F12A1B3AF61E0015ED75 /* Sources */ = {
			isa = PBXSourcesBuildPhase;
			buildActionMask = 2147483647;
			files = (
				3AF0F1361B3AF61E0015ED75 /* ViewController.swift in Sources */,
				3AF0F15A1B3C6ABC0015ED75 /* WebViewController.swift in Sources */,
				3AF0F1341B3AF61E0015ED75 /* AppDelegate.swift in Sources */,
			);
			runOnlyForDeploymentPostprocessing = 0;
		};
		3AF0F13F1B3AF61E0015ED75 /* Sources */ = {
			isa = PBXSourcesBuildPhase;
			buildActionMask = 2147483647;
			files = (
				3AF0F14A1B3AF61E0015ED75 /* XSurfingTests.swift in Sources */,
			);
			runOnlyForDeploymentPostprocessing = 0;
		};
/* End PBXSourcesBuildPhase section */

/* Begin PBXTargetDependency section */
		3AF0F1451B3AF61E0015ED75 /* PBXTargetDependency */ = {
			isa = PBXTargetDependency;
			target = 3AF0F12D1B3AF61E0015ED75 /* XSurfing */;
			targetProxy = 3AF0F1441B3AF61E0015ED75 /* PBXContainerItemProxy */;
		};
/* End PBXTargetDependency section */

/* Begin PBXVariantGroup section */
		3AF0F1371B3AF61E0015ED75 /* Main.storyboard */ = {
			isa = PBXVariantGroup;
			children = (
				3AF0F1381B3AF61E0015ED75 /* Base */,
			);
			name = Main.storyboard;
			sourceTree = "<group>";
		};
		3AF0F13C1B3AF61E0015ED75 /* LaunchScreen.xib */ = {
			isa = PBXVariantGroup;
			children = (
				3AF0F13D1B3AF61E0015ED75 /* Base */,
			);
			name = LaunchScreen.xib;
			sourceTree = "<group>";
		};
/* End PBXVariantGroup section */

/* Begin XCBuildConfiguration section */
		3AF0F14B1B3AF61E0015ED75 /* Debug */ = {
			isa = XCBuildConfiguration;
			buildSettings = {
				ALWAYS_SEARCH_USER_PATHS = NO;
				CLANG_CXX_LANGUAGE_STANDARD = "gnu++0x";
				CLANG_CXX_LIBRARY = "libc++";
				CLANG_ENABLE_MODULES = YES;
				CLANG_ENABLE_OBJC_ARC = YES;
				CLANG_WARN_BOOL_CONVERSION = YES;
				CLANG_WARN_CONSTANT_CONVERSION = YES;
				CLANG_WARN_DIRECT_OBJC_ISA_USAGE = YES_ERROR;
				CLANG_WARN_EMPTY_BODY = YES;
				CLANG_WARN_ENUM_CONVERSION = YES;
				CLANG_WARN_INT_CONVERSION = YES;
				CLANG_WARN_OBJC_ROOT_CLASS = YES_ERROR;
				CLANG_WARN_UNREACHABLE_CODE = YES;
				CLANG_WARN__DUPLICATE_METHOD_MATCH = YES;
				"CODE_SIGN_IDENTITY[sdk=iphoneos*]" = "iPhone Developer";
				COPY_PHASE_STRIP = NO;
				DEBUG_INFORMATION_FORMAT = "dwarf-with-dsym";
				ENABLE_STRICT_OBJC_MSGSEND = YES;
				GCC_C_LANGUAGE_STANDARD = gnu99;
				GCC_DYNAMIC_NO_PIC = NO;
				GCC_NO_COMMON_BLOCKS = YES;
				GCC_OPTIMIZATION_LEVEL = 0;
				GCC_PREPROCESSOR_DEFINITIONS = (
					"DEBUG=1",
					"$(inherited)",
				);
				GCC_SYMBOLS_PRIVATE_EXTERN = NO;
				GCC_WARN_64_TO_32_BIT_CONVERSION = YES;
				GCC_WARN_ABOUT_RETURN_TYPE = YES_ERROR;
				GCC_WARN_UNDECLARED_SELECTOR = YES;
				GCC_WARN_UNINITIALIZED_AUTOS = YES_AGGRESSIVE;
				GCC_WARN_UNUSED_FUNCTION = YES;
				GCC_WARN_UNUSED_VARIABLE = YES;
				IPHONEOS_DEPLOYMENT_TARGET = 8.3;
				MTL_ENABLE_DEBUG_INFO = YES;
				ONLY_ACTIVE_ARCH = YES;
				SDKROOT = iphoneos;
				SWIFT_OPTIMIZATION_LEVEL = "-Onone";
			};
			name = Debug;
		};
		3AF0F14C1B3AF61E0015ED75 /* Release */ = {
			isa = XCBuildConfiguration;
			buildSettings = {
				ALWAYS_SEARCH_USER_PATHS = NO;
				CLANG_CXX_LANGUAGE_STANDARD = "gnu++0x";
				CLANG_CXX_LIBRARY = "libc++";
				CLANG_ENABLE_MODULES = YES;
				CLANG_ENABLE_OBJC_ARC = YES;
				CLANG_WARN_BOOL_CONVERSION = YES;
				CLANG_WARN_CONSTANT_CONVERSION = YES;
				CLANG_WARN_DIRECT_OBJC_ISA_USAGE = YES_ERROR;
				CLANG_WARN_EMPTY_BODY = YES;
				CLANG_WARN_ENUM_CONVERSION = YES;
				CLANG_WARN_INT_CONVERSION = YES;
				CLANG_WARN_OBJC_ROOT_CLASS = YES_ERROR;
				CLANG_WARN_UNREACHABLE_CODE = YES;
				CLANG_WARN__DUPLICATE_METHOD_MATCH = YES;
				"CODE_SIGN_IDENTITY[sdk=iphoneos*]" = "iPhone Developer";
				COPY_PHASE_STRIP = NO;
				DEBUG_INFORMATION_FORMAT = "dwarf-with-dsym";
				ENABLE_NS_ASSERTIONS = NO;
				ENABLE_STRICT_OBJC_MSGSEND = YES;
				GCC_C_LANGUAGE_STANDARD = gnu99;
				GCC_NO_COMMON_BLOCKS = YES;
				GCC_WARN_64_TO_32_BIT_CONVERSION = YES;
				GCC_WARN_ABOUT_RETURN_TYPE = YES_ERROR;
				GCC_WARN_UNDECLARED_SELECTOR = YES;
				GCC_WARN_UNINITIALIZED_AUTOS = YES_AGGRESSIVE;
				GCC_WARN_UNUSED_FUNCTION = YES;
				GCC_WARN_UNUSED_VARIABLE = YES;
				IPHONEOS_DEPLOYMENT_TARGET = 8.3;
				MTL_ENABLE_DEBUG_INFO = NO;
				SDKROOT = iphoneos;
				VALIDATE_PRODUCT = YES;
			};
			name = Release;
		};
		3AF0F14E1B3AF61E0015ED75 /* Debug */ = {
			isa = XCBuildConfiguration;
			buildSettings = {
				ASSETCATALOG_COMPILER_APPICON_NAME = AppIcon;
				INFOPLIST_FILE = XSurfing/Info.plist;
				LD_RUNPATH_SEARCH_PATHS = "$(inherited) @executable_path/Frameworks";
				PRODUCT_NAME = "$(TARGET_NAME)";
			};
			name = Debug;
		};
		3AF0F14F1B3AF61E0015ED75 /* Release */ = {
			isa = XCBuildConfiguration;
			buildSettings = {
				ASSETCATALOG_COMPILER_APPICON_NAME = AppIcon;
				INFOPLIST_FILE = XSurfing/Info.plist;
				LD_RUNPATH_SEARCH_PATHS = "$(inherited) @executable_path/Frameworks";
				PRODUCT_NAME = "$(TARGET_NAME)";
			};
			name = Release;
		};
		3AF0F1511B3AF61E0015ED75 /* Debug */ = {
			isa = XCBuildConfiguration;
			buildSettings = {
				BUNDLE_LOADER = "$(TEST_HOST)";
				FRAMEWORK_SEARCH_PATHS = (
					"$(SDKROOT)/Developer/Library/Frameworks",
					"$(inherited)",
				);
				GCC_PREPROCESSOR_DEFINITIONS = (
					"DEBUG=1",
					"$(inherited)",
				);
				INFOPLIST_FILE = XSurfingTests/Info.plist;
				LD_RUNPATH_SEARCH_PATHS = "$(inherited) @executable_path/Frameworks @loader_path/Frameworks";
				PRODUCT_NAME = "$(TARGET_NAME)";
				TEST_HOST = "$(BUILT_PRODUCTS_DIR)/XSurfing.app/XSurfing";
			};
			name = Debug;
		};
		3AF0F1521B3AF61E0015ED75 /* Release */ = {
			isa = XCBuildConfiguration;
			buildSettings = {
				BUNDLE_LOADER = "$(TEST_HOST)";
				FRAMEWORK_SEARCH_PATHS = (
					"$(SDKROOT)/Developer/Library/Frameworks",
					"$(inherited)",
				);
				INFOPLIST_FILE = XSurfingTests/Info.plist;
				LD_RUNPATH_SEARCH_PATHS = "$(inherited) @executable_path/Frameworks @loader_path/Frameworks";
				PRODUCT_NAME = "$(TARGET_NAME)";
				TEST_HOST = "$(BUILT_PRODUCTS_DIR)/XSurfing.app/XSurfing";
			};
			name = Release;
		};
/* End XCBuildConfiguration section */

/* Begin XCConfigurationList section */
		3AF0F1291B3AF61E0015ED75 /* Build configuration list for PBXProject "XSurfing" */ = {
			isa = XCConfigurationList;
			buildConfigurations = (
				3AF0F14B1B3AF61E0015ED75 /* Debug */,
				3AF0F14C1B3AF61E0015ED75 /* Release */,
			);
			defaultConfigurationIsVisible = 0;
			defaultConfigurationName = Release;
		};
		3AF0F14D1B3AF61E0015ED75 /* Build configuration list for PBXNativeTarget "XSurfing" */ = {
			isa = XCConfigurationList;
			buildConfigurations = (
				3AF0F14E1B3AF61E0015ED75 /* Debug */,
				3AF0F14F1B3AF61E0015ED75 /* Release */,
			);
			defaultConfigurationIsVisible = 0;
			defaultConfigurationName = Release;
		};
		3AF0F1501B3AF61E0015ED75 /* Build configuration list for PBXNativeTarget "XSurfingTests" */ = {
			isa = XCConfigurationList;
			buildConfigurations = (
				3AF0F1511B3AF61E0015ED75 /* Debug */,
				3AF0F1521B3AF61E0015ED75 /* Release */,
			);
			defaultConfigurationIsVisible = 0;
			defaultConfigurationName = Release;
		};
/* End XCConfigurationList section */
	};
	rootObject = 3AF0F1261B3AF61E0015ED75 /* Project object */;
}
